
Microsoft Visual Studio Solution File, Format Version 12.00
# Visual Studio 15
VisualStudioVersion = 15.0.28307.572
MinimumVisualStudioVersion = 10.0.40219.1
Project("{FAE04EC0-301F-11D3-BF4B-00C04F79EFBC}") = "CodingCat.Cache.Tests", "CodingCat.Cache.Tests\CodingCat.Cache.Tests.csproj", "{DF89B9DD-BB7E-46C2-973C-30FFE63B575B}"
EndProject
Project("{FAE04EC0-301F-11D3-BF4B-00C04F79EFBC}") = "CodingCat.Cache", "CodingCat.Cache\CodingCat.Cache.csproj", "{29B3680F-3638-49D0-B2EC-C4A090355C3F}"
EndProject
Global
	GlobalSection(SolutionConfigurationPlatforms) = preSolution
		Debug|Any CPU = Debug|Any CPU
		Release|Any CPU = Release|Any CPU
	EndGlobalSection
	GlobalSection(ProjectConfigurationPlatforms) = postSolution
		{DF89B9DD-BB7E-46C2-973C-30FFE63B575B}.Debug|Any CPU.ActiveCfg = Debug|Any CPU
		{DF89B9DD-BB7E-46C2-973C-30FFE63B575B}.Debug|Any CPU.Build.0 = Debug|Any CPU
		{DF89B9DD-BB7E-46C2-973C-30FFE63B575B}.Release|Any CPU.ActiveCfg = Release|Any CPU
		{DF89B9DD-BB7E-46C2-973C-30FFE63B575B}.Release|Any CPU.Build.0 = Release|Any CPU
		{29B3680F-3638-49D0-B2EC-C4A090355C3F}.Debug|Any CPU.ActiveCfg = Debug|Any CPU
		{29B3680F-3638-49D0-B2EC-C4A090355C3F}.Debug|Any CPU.Build.0 = Debug|Any CPU
		{29B3680F-3638-49D0-B2EC-C4A090355C3F}.Release|Any CPU.ActiveCfg = Release|Any CPU
		{29B3680F-3638-49D0-B2EC-C4A090355C3F}.Release|Any CPU.Build.0 = Release|Any CPU
	EndGlobalSection
	GlobalSection(SolutionProperties) = preSolution
		HideSolutionNode = FALSE
	EndGlobalSection
	GlobalSection(ExtensibilityGlobals) = postSolution
		SolutionGuid = {AFE2741E-03A2-4B40-ACDA-63136636CAAE}
	EndGlobalSection
EndGlobal
